
Microsoft Visual Studio Solution File, Format Version 12.00
# Visual Studio Version 16
VisualStudioVersion = 16.0.32510.428
MinimumVisualStudioVersion = 10.0.40219.1
Project("{FAE04EC0-301F-11D3-BF4B-00C04F79EFBC}") = "DrawScripts", "DrawScripts\DrawScripts.csproj", "{BDB9A4BE-40EC-4F2E-8382-60A88B91A7A3}"
EndProject
Global
	GlobalSection(SolutionConfigurationPlatforms) = preSolution
		Debug|Any CPU = Debug|Any CPU
		Release|Any CPU = Release|Any CPU
	EndGlobalSection
	GlobalSection(ProjectConfigurationPlatforms) = postSolution
		{BDB9A4BE-40EC-4F2E-8382-60A88B91A7A3}.Debug|Any CPU.ActiveCfg = Debug|Any CPU
		{BDB9A4BE-40EC-4F2E-8382-60A88B91A7A3}.Debug|Any CPU.Build.0 = Debug|Any CPU
		{BDB9A4BE-40EC-4F2E-8382-60A88B91A7A3}.Release|Any CPU.ActiveCfg = Release|Any CPU
		{BDB9A4BE-40EC-4F2E-8382-60A88B91A7A3}.Release|Any CPU.Build.0 = Release|Any CPU
	EndGlobalSection
	GlobalSection(SolutionProperties) = preSolution
		HideSolutionNode = FALSE
	EndGlobalSection
	GlobalSection(ExtensibilityGlobals) = postSolution
		SolutionGuid = {979618F8-0993-47EE-8D0E-FF5BCDC035D8}
	EndGlobalSection
EndGlobal
